
Microsoft Visual Studio Solution File, Format Version 12.00
# Visual Studio Version 16
VisualStudioVersion = 16.0.30104.148
MinimumVisualStudioVersion = 10.0.40219.1
Project("{FAE04EC0-301F-11D3-BF4B-00C04F79EFBC}") = "HelpDesk", "HelpDesk\HelpDesk.csproj", "{BB2E1E74-83C9-4A1A-BADA-4B9FA384DD39}"
EndProject
Project("{FAE04EC0-301F-11D3-BF4B-00C04F79EFBC}") = "Control", "Control\Control.csproj", "{7E4D5186-5E6E-4731-A9E2-CDDF4027C584}"
EndProject
Project("{FAE04EC0-301F-11D3-BF4B-00C04F79EFBC}") = "DAO", "DAO\DAO.csproj", "{720D5427-4044-42D8-8F49-855590DC2E1E}"
EndProject
Global
	GlobalSection(SolutionConfigurationPlatforms) = preSolution
		Debug|Any CPU = Debug|Any CPU
		Release|Any CPU = Release|Any CPU
	EndGlobalSection
	GlobalSection(ProjectConfigurationPlatforms) = postSolution
		{BB2E1E74-83C9-4A1A-BADA-4B9FA384DD39}.Debug|Any CPU.ActiveCfg = Debug|Any CPU
		{BB2E1E74-83C9-4A1A-BADA-4B9FA384DD39}.Debug|Any CPU.Build.0 = Debug|Any CPU
		{BB2E1E74-83C9-4A1A-BADA-4B9FA384DD39}.Release|Any CPU.ActiveCfg = Release|Any CPU
		{BB2E1E74-83C9-4A1A-BADA-4B9FA384DD39}.Release|Any CPU.Build.0 = Release|Any CPU
		{7E4D5186-5E6E-4731-A9E2-CDDF4027C584}.Debug|Any CPU.ActiveCfg = Debug|Any CPU
		{7E4D5186-5E6E-4731-A9E2-CDDF4027C584}.Debug|Any CPU.Build.0 = Debug|Any CPU
		{7E4D5186-5E6E-4731-A9E2-CDDF4027C584}.Release|Any CPU.ActiveCfg = Release|Any CPU
		{7E4D5186-5E6E-4731-A9E2-CDDF4027C584}.Release|Any CPU.Build.0 = Release|Any CPU
		{720D5427-4044-42D8-8F49-855590DC2E1E}.Debug|Any CPU.ActiveCfg = Debug|Any CPU
		{720D5427-4044-42D8-8F49-855590DC2E1E}.Debug|Any CPU.Build.0 = Debug|Any CPU
		{720D5427-4044-42D8-8F49-855590DC2E1E}.Release|Any CPU.ActiveCfg = Release|Any CPU
		{720D5427-4044-42D8-8F49-855590DC2E1E}.Release|Any CPU.Build.0 = Release|Any CPU
	EndGlobalSection
	GlobalSection(SolutionProperties) = preSolution
		HideSolutionNode = FALSE
	EndGlobalSection
	GlobalSection(ExtensibilityGlobals) = postSolution
		SolutionGuid = {0FA0B083-9113-4633-A36E-220189D73D44}
	EndGlobalSection
EndGlobal
